
Microsoft Visual Studio Solution File, Format Version 12.00
# Visual Studio Version 17
VisualStudioVersion = 17.12.35514.174 d17.12
MinimumVisualStudioVersion = 10.0.40219.1
Project("{FAE04EC0-301F-11D3-BF4B-00C04F79EFBC}") = "ASKConsoleApp", "ASKConsoleApp\ASKConsoleApp.csproj", "{C940FC8E-779D-475D-AF52-8BA3156055E2}"
EndProject
Project("{FAE04EC0-301F-11D3-BF4B-00C04F79EFBC}") = "ClassLibrary1", "ClassLibrary1\ClassLibrary1.csproj", "{C93E1C3D-87AF-4E3C-9A93-BCB89DA87F7D}"
EndProject
Project("{FAE04EC0-301F-11D3-BF4B-00C04F79EFBC}") = "ClassLibrary2", "..\ClassLibrary2\ClassLibrary2\ClassLibrary2.csproj", "{B0DB4CD0-8C32-4544-8E39-2D1A6BAFF5A0}"
EndProject
Global
	GlobalSection(SolutionConfigurationPlatforms) = preSolution
		Debug|Any CPU = Debug|Any CPU
		Release|Any CPU = Release|Any CPU
	EndGlobalSection
	GlobalSection(ProjectConfigurationPlatforms) = postSolution
		{C940FC8E-779D-475D-AF52-8BA3156055E2}.Debug|Any CPU.ActiveCfg = Debug|Any CPU
		{C940FC8E-779D-475D-AF52-8BA3156055E2}.Debug|Any CPU.Build.0 = Debug|Any CPU
		{C940FC8E-779D-475D-AF52-8BA3156055E2}.Release|Any CPU.ActiveCfg = Release|Any CPU
		{C940FC8E-779D-475D-AF52-8BA3156055E2}.Release|Any CPU.Build.0 = Release|Any CPU
		{C93E1C3D-87AF-4E3C-9A93-BCB89DA87F7D}.Debug|Any CPU.ActiveCfg = Debug|Any CPU
		{C93E1C3D-87AF-4E3C-9A93-BCB89DA87F7D}.Debug|Any CPU.Build.0 = Debug|Any CPU
		{C93E1C3D-87AF-4E3C-9A93-BCB89DA87F7D}.Release|Any CPU.ActiveCfg = Release|Any CPU
		{C93E1C3D-87AF-4E3C-9A93-BCB89DA87F7D}.Release|Any CPU.Build.0 = Release|Any CPU
		{B0DB4CD0-8C32-4544-8E39-2D1A6BAFF5A0}.Debug|Any CPU.ActiveCfg = Debug|Any CPU
		{B0DB4CD0-8C32-4544-8E39-2D1A6BAFF5A0}.Debug|Any CPU.Build.0 = Debug|Any CPU
		{B0DB4CD0-8C32-4544-8E39-2D1A6BAFF5A0}.Release|Any CPU.ActiveCfg = Release|Any CPU
		{B0DB4CD0-8C32-4544-8E39-2D1A6BAFF5A0}.Release|Any CPU.Build.0 = Release|Any CPU
	EndGlobalSection
	GlobalSection(SolutionProperties) = preSolution
		HideSolutionNode = FALSE
	EndGlobalSection
EndGlobal
